// !$*UTF8*$!
{
	archiveVersion = 1;
	classes = {
	};
	objectVersion = 55;
	objects = {

/* Begin PBXBuildFile section */
		33343E27064FE37F4E7765C8 /* Pods_LearningRealm_LearningRealmUITests.framework in Frameworks */ = {isa = PBXBuildFile; fileRef = 64FF29E57183DBF85B3CE9AF /* Pods_LearningRealm_LearningRealmUITests.framework */; };
		82F3A7A11CE8ECAB704AED24 /* Pods_LearningRealm.framework in Frameworks */ = {isa = PBXBuildFile; fileRef = 7B7E6D824D2B2CC712EB6F98 /* Pods_LearningRealm.framework */; };
		891603CC29715BF900C11AF8 /* AppDelegate.swift in Sources */ = {isa = PBXBuildFile; fileRef = 891603CB29715BF900C11AF8 /* AppDelegate.swift */; };
		891603D029715BF900C11AF8 /* ContactListVC.swift in Sources */ = {isa = PBXBuildFile; fileRef = 891603CF29715BF900C11AF8 /* ContactListVC.swift */; };
		891603D529715BF900C11AF8 /* Assets.xcassets in Resources */ = {isa = PBXBuildFile; fileRef = 891603D429715BF900C11AF8 /* Assets.xcassets */; };
		891603D829715BF900C11AF8 /* LaunchScreen.storyboard in Resources */ = {isa = PBXBuildFile; fileRef = 891603D629715BF900C11AF8 /* LaunchScreen.storyboard */; };
		891603E329715BF900C11AF8 /* LearningRealmTests.swift in Sources */ = {isa = PBXBuildFile; fileRef = 891603E229715BF900C11AF8 /* LearningRealmTests.swift */; };
		891603ED29715BF900C11AF8 /* LearningRealmUITests.swift in Sources */ = {isa = PBXBuildFile; fileRef = 891603EC29715BF900C11AF8 /* LearningRealmUITests.swift */; };
		891603EF29715BF900C11AF8 /* LearningRealmUITestsLaunchTests.swift in Sources */ = {isa = PBXBuildFile; fileRef = 891603EE29715BF900C11AF8 /* LearningRealmUITestsLaunchTests.swift */; };
		891603FF29716E3C00C11AF8 /* ContactListVM.swift in Sources */ = {isa = PBXBuildFile; fileRef = 891603FE29716E3C00C11AF8 /* ContactListVM.swift */; };
		893E1BF0298A6E4400A8DC62 /* BaseViewController.swift in Sources */ = {isa = PBXBuildFile; fileRef = 893E1BEF298A6E4400A8DC62 /* BaseViewController.swift */; };
		893E1BF2298A70A500A8DC62 /* PrimaryTextField.swift in Sources */ = {isa = PBXBuildFile; fileRef = 893E1BF1298A70A500A8DC62 /* PrimaryTextField.swift */; };
		893E1BF4298A711600A8DC62 /* UITextField+Extension.swift in Sources */ = {isa = PBXBuildFile; fileRef = 893E1BF3298A711600A8DC62 /* UITextField+Extension.swift */; };
		893E1BF6298A71EE00A8DC62 /* UIView+Extension.swift in Sources */ = {isa = PBXBuildFile; fileRef = 893E1BF5298A71EE00A8DC62 /* UIView+Extension.swift */; };
		89524FEB2977F7BC0056637A /* SplashVC.swift in Sources */ = {isa = PBXBuildFile; fileRef = 89524FEA2977F7BC0056637A /* SplashVC.swift */; };
		89524FF0297801380056637A /* AppConstants.swift in Sources */ = {isa = PBXBuildFile; fileRef = 89524FEE297801380056637A /* AppConstants.swift */; };
		89524FF1297801380056637A /* SizeConfig.swift in Sources */ = {isa = PBXBuildFile; fileRef = 89524FEF297801380056637A /* SizeConfig.swift */; };
		89524FF52978023C0056637A /* Primitive+Extension.swift in Sources */ = {isa = PBXBuildFile; fileRef = 89524FF22978023C0056637A /* Primitive+Extension.swift */; };
		89524FF62978023C0056637A /* UIColor+Extension.swift in Sources */ = {isa = PBXBuildFile; fileRef = 89524FF32978023C0056637A /* UIColor+Extension.swift */; };
		89524FF72978023C0056637A /* UIFont+Extension.swift in Sources */ = {isa = PBXBuildFile; fileRef = 89524FF42978023C0056637A /* UIFont+Extension.swift */; };
		896E34F0298B5A9A00869892 /* Inter-Medium.ttf in Resources */ = {isa = PBXBuildFile; fileRef = 896E34E8298B5A9A00869892 /* Inter-Medium.ttf */; };
		896E34F1298B5A9A00869892 /* Inter-Light.ttf in Resources */ = {isa = PBXBuildFile; fileRef = 896E34E9298B5A9A00869892 /* Inter-Light.ttf */; };
		896E34F2298B5A9A00869892 /* Inter-Bold.ttf in Resources */ = {isa = PBXBuildFile; fileRef = 896E34EA298B5A9A00869892 /* Inter-Bold.ttf */; };
		896E34F3298B5A9A00869892 /* Inter-Regular.ttf in Resources */ = {isa = PBXBuildFile; fileRef = 896E34EB298B5A9A00869892 /* Inter-Regular.ttf */; };
		896E34F4298B5A9A00869892 /* Inter-ExtraBold.ttf in Resources */ = {isa = PBXBuildFile; fileRef = 896E34EC298B5A9A00869892 /* Inter-ExtraBold.ttf */; };
		896E34F5298B5A9A00869892 /* Inter-SemiBold.ttf in Resources */ = {isa = PBXBuildFile; fileRef = 896E34ED298B5A9A00869892 /* Inter-SemiBold.ttf */; };
		896E34F8298B6E9600869892 /* Others+Extension.swift in Sources */ = {isa = PBXBuildFile; fileRef = 896E34F7298B6E9600869892 /* Others+Extension.swift */; };
		896E34FD298B8FC000869892 /* ContactCell.swift in Sources */ = {isa = PBXBuildFile; fileRef = 896E34FC298B8FC000869892 /* ContactCell.swift */; };
		896E34FF298BA9A800869892 /* ContactModel.swift in Sources */ = {isa = PBXBuildFile; fileRef = 896E34FE298BA9A800869892 /* ContactModel.swift */; };
		896E3501298BAD5700869892 /* BaseCell.swift in Sources */ = {isa = PBXBuildFile; fileRef = 896E3500298BAD5700869892 /* BaseCell.swift */; };
		896E3503298BB40F00869892 /* ContactAddVC.swift in Sources */ = {isa = PBXBuildFile; fileRef = 896E3502298BB40F00869892 /* ContactAddVC.swift */; };
		896E3505298BB9CD00869892 /* ContactFieldCell.swift in Sources */ = {isa = PBXBuildFile; fileRef = 896E3504298BB9CD00869892 /* ContactFieldCell.swift */; };
		898AF428297175A00068E4CA /* RealmManager.swift in Sources */ = {isa = PBXBuildFile; fileRef = 898AF427297175A00068E4CA /* RealmManager.swift */; };
		898AF42B297177000068E4CA /* AppManager.swift in Sources */ = {isa = PBXBuildFile; fileRef = 898AF42A297177000068E4CA /* AppManager.swift */; };
		898AF42E297177EC0068E4CA /* String+Extension.swift in Sources */ = {isa = PBXBuildFile; fileRef = 898AF42D297177EC0068E4CA /* String+Extension.swift */; };
		89E8BF5429933E4D00951FAC /* ContactAddVM.swift in Sources */ = {isa = PBXBuildFile; fileRef = 89E8BF5329933E4D00951FAC /* ContactAddVM.swift */; };
		89E8BF562993B3C400951FAC /* ContactListDiffableDataSource.swift in Sources */ = {isa = PBXBuildFile; fileRef = 89E8BF552993B3C400951FAC /* ContactListDiffableDataSource.swift */; };
		E16F90E33A9888C609DA8581 /* Pods_LearningRealmTests.framework in Frameworks */ = {isa = PBXBuildFile; fileRef = 8D380DE04EC9CE80AB54D281 /* Pods_LearningRealmTests.framework */; };
/* End PBXBuildFile section */

/* Begin PBXContainerItemProxy section */
		891603DF29715BF900C11AF8 /* PBXContainerItemProxy */ = {
			isa = PBXContainerItemProxy;
			containerPortal = 891603C029715BF900C11AF8 /* Project object */;
			proxyType = 1;
			remoteGlobalIDString = 891603C729715BF900C11AF8;
			remoteInfo = LearningRealm;
		};
		891603E929715BF900C11AF8 /* PBXContainerItemProxy */ = {
			isa = PBXContainerItemProxy;
			containerPortal = 891603C029715BF900C11AF8 /* Project object */;
			proxyType = 1;
			remoteGlobalIDString = 891603C729715BF900C11AF8;
			remoteInfo = LearningRealm;
		};
/* End PBXContainerItemProxy section */

/* Begin PBXFileReference section */
		151218D1E0C7DFDE711DCA24 /* Pods-LearningRealmTests.release.xcconfig */ = {isa = PBXFileReference; includeInIndex = 1; lastKnownFileType = text.xcconfig; name = "Pods-LearningRealmTests.release.xcconfig"; path = "Target Support Files/Pods-LearningRealmTests/Pods-LearningRealmTests.release.xcconfig"; sourceTree = "<group>"; };
		42C83F738D9059D5456E33C1 /* Pods-LearningRealm-LearningRealmUITests.debug.xcconfig */ = {isa = PBXFileReference; includeInIndex = 1; lastKnownFileType = text.xcconfig; name = "Pods-LearningRealm-LearningRealmUITests.debug.xcconfig"; path = "Target Support Files/Pods-LearningRealm-LearningRealmUITests/Pods-LearningRealm-LearningRealmUITests.debug.xcconfig"; sourceTree = "<group>"; };
		64FF29E57183DBF85B3CE9AF /* Pods_LearningRealm_LearningRealmUITests.framework */ = {isa = PBXFileReference; explicitFileType = wrapper.framework; includeInIndex = 0; path = Pods_LearningRealm_LearningRealmUITests.framework; sourceTree = BUILT_PRODUCTS_DIR; };
		7B7E6D824D2B2CC712EB6F98 /* Pods_LearningRealm.framework */ = {isa = PBXFileReference; explicitFileType = wrapper.framework; includeInIndex = 0; path = Pods_LearningRealm.framework; sourceTree = BUILT_PRODUCTS_DIR; };
		891603C829715BF900C11AF8 /* LearningRealm.app */ = {isa = PBXFileReference; explicitFileType = wrapper.application; includeInIndex = 0; path = LearningRealm.app; sourceTree = BUILT_PRODUCTS_DIR; };
		891603CB29715BF900C11AF8 /* AppDelegate.swift */ = {isa = PBXFileReference; lastKnownFileType = sourcecode.swift; path = AppDelegate.swift; sourceTree = "<group>"; };
		891603CF29715BF900C11AF8 /* ContactListVC.swift */ = {isa = PBXFileReference; lastKnownFileType = sourcecode.swift; path = ContactListVC.swift; sourceTree = "<group>"; };
		891603D429715BF900C11AF8 /* Assets.xcassets */ = {isa = PBXFileReference; lastKnownFileType = folder.assetcatalog; path = Assets.xcassets; sourceTree = "<group>"; };
		891603D729715BF900C11AF8 /* Base */ = {isa = PBXFileReference; lastKnownFileType = file.storyboard; name = Base; path = Base.lproj/LaunchScreen.storyboard; sourceTree = "<group>"; };
		891603D929715BF900C11AF8 /* Info.plist */ = {isa = PBXFileReference; lastKnownFileType = text.plist.xml; path = Info.plist; sourceTree = "<group>"; };
		891603DE29715BF900C11AF8 /* LearningRealmTests.xctest */ = {isa = PBXFileReference; explicitFileType = wrapper.cfbundle; includeInIndex = 0; path = LearningRealmTests.xctest; sourceTree = BUILT_PRODUCTS_DIR; };
		891603E229715BF900C11AF8 /* LearningRealmTests.swift */ = {isa = PBXFileReference; lastKnownFileType = sourcecode.swift; path = LearningRealmTests.swift; sourceTree = "<group>"; };
		891603E829715BF900C11AF8 /* LearningRealmUITests.xctest */ = {isa = PBXFileReference; explicitFileType = wrapper.cfbundle; includeInIndex = 0; path = LearningRealmUITests.xctest; sourceTree = BUILT_PRODUCTS_DIR; };
		891603EC29715BF900C11AF8 /* LearningRealmUITests.swift */ = {isa = PBXFileReference; lastKnownFileType = sourcecode.swift; path = LearningRealmUITests.swift; sourceTree = "<group>"; };
		891603EE29715BF900C11AF8 /* LearningRealmUITestsLaunchTests.swift */ = {isa = PBXFileReference; lastKnownFileType = sourcecode.swift; path = LearningRealmUITestsLaunchTests.swift; sourceTree = "<group>"; };
		891603FE29716E3C00C11AF8 /* ContactListVM.swift */ = {isa = PBXFileReference; lastKnownFileType = sourcecode.swift; path = ContactListVM.swift; sourceTree = "<group>"; };
		893E1BEF298A6E4400A8DC62 /* BaseViewController.swift */ = {isa = PBXFileReference; fileEncoding = 4; lastKnownFileType = sourcecode.swift; path = BaseViewController.swift; sourceTree = "<group>"; };
		893E1BF1298A70A500A8DC62 /* PrimaryTextField.swift */ = {isa = PBXFileReference; fileEncoding = 4; lastKnownFileType = sourcecode.swift; path = PrimaryTextField.swift; sourceTree = "<group>"; };
		893E1BF3298A711600A8DC62 /* UITextField+Extension.swift */ = {isa = PBXFileReference; fileEncoding = 4; lastKnownFileType = sourcecode.swift; path = "UITextField+Extension.swift"; sourceTree = "<group>"; };
		893E1BF5298A71EE00A8DC62 /* UIView+Extension.swift */ = {isa = PBXFileReference; fileEncoding = 4; lastKnownFileType = sourcecode.swift; path = "UIView+Extension.swift"; sourceTree = "<group>"; };
		89524FEA2977F7BC0056637A /* SplashVC.swift */ = {isa = PBXFileReference; fileEncoding = 4; lastKnownFileType = sourcecode.swift; path = SplashVC.swift; sourceTree = "<group>"; };
		89524FEE297801380056637A /* AppConstants.swift */ = {isa = PBXFileReference; fileEncoding = 4; lastKnownFileType = sourcecode.swift; path = AppConstants.swift; sourceTree = "<group>"; };
		89524FEF297801380056637A /* SizeConfig.swift */ = {isa = PBXFileReference; fileEncoding = 4; lastKnownFileType = sourcecode.swift; path = SizeConfig.swift; sourceTree = "<group>"; };
		89524FF22978023C0056637A /* Primitive+Extension.swift */ = {isa = PBXFileReference; fileEncoding = 4; lastKnownFileType = sourcecode.swift; path = "Primitive+Extension.swift"; sourceTree = "<group>"; };
		89524FF32978023C0056637A /* UIColor+Extension.swift */ = {isa = PBXFileReference; fileEncoding = 4; lastKnownFileType = sourcecode.swift; path = "UIColor+Extension.swift"; sourceTree = "<group>"; };
		89524FF42978023C0056637A /* UIFont+Extension.swift */ = {isa = PBXFileReference; fileEncoding = 4; lastKnownFileType = sourcecode.swift; path = "UIFont+Extension.swift"; sourceTree = "<group>"; };
		896E34E8298B5A9A00869892 /* Inter-Medium.ttf */ = {isa = PBXFileReference; lastKnownFileType = file; path = "Inter-Medium.ttf"; sourceTree = "<group>"; };
		896E34E9298B5A9A00869892 /* Inter-Light.ttf */ = {isa = PBXFileReference; lastKnownFileType = file; path = "Inter-Light.ttf"; sourceTree = "<group>"; };
		896E34EA298B5A9A00869892 /* Inter-Bold.ttf */ = {isa = PBXFileReference; lastKnownFileType = file; path = "Inter-Bold.ttf"; sourceTree = "<group>"; };
		896E34EB298B5A9A00869892 /* Inter-Regular.ttf */ = {isa = PBXFileReference; lastKnownFileType = file; path = "Inter-Regular.ttf"; sourceTree = "<group>"; };
		896E34EC298B5A9A00869892 /* Inter-ExtraBold.ttf */ = {isa = PBXFileReference; lastKnownFileType = file; path = "Inter-ExtraBold.ttf"; sourceTree = "<group>"; };
		896E34ED298B5A9A00869892 /* Inter-SemiBold.ttf */ = {isa = PBXFileReference; lastKnownFileType = file; path = "Inter-SemiBold.ttf"; sourceTree = "<group>"; };
		896E34F7298B6E9600869892 /* Others+Extension.swift */ = {isa = PBXFileReference; lastKnownFileType = sourcecode.swift; path = "Others+Extension.swift"; sourceTree = "<group>"; };
		896E34FC298B8FC000869892 /* ContactCell.swift */ = {isa = PBXFileReference; lastKnownFileType = sourcecode.swift; path = ContactCell.swift; sourceTree = "<group>"; };
		896E34FE298BA9A800869892 /* ContactModel.swift */ = {isa = PBXFileReference; lastKnownFileType = sourcecode.swift; path = ContactModel.swift; sourceTree = "<group>"; };
		896E3500298BAD5700869892 /* BaseCell.swift */ = {isa = PBXFileReference; lastKnownFileType = sourcecode.swift; path = BaseCell.swift; sourceTree = "<group>"; };
		896E3502298BB40F00869892 /* ContactAddVC.swift */ = {isa = PBXFileReference; lastKnownFileType = sourcecode.swift; path = ContactAddVC.swift; sourceTree = "<group>"; };
		896E3504298BB9CD00869892 /* ContactFieldCell.swift */ = {isa = PBXFileReference; fileEncoding = 4; lastKnownFileType = sourcecode.swift; path = ContactFieldCell.swift; sourceTree = "<group>"; };
		898AF427297175A00068E4CA /* RealmManager.swift */ = {isa = PBXFileReference; lastKnownFileType = sourcecode.swift; path = RealmManager.swift; sourceTree = "<group>"; };
		898AF42A297177000068E4CA /* AppManager.swift */ = {isa = PBXFileReference; lastKnownFileType = sourcecode.swift; path = AppManager.swift; sourceTree = "<group>"; };
		898AF42D297177EC0068E4CA /* String+Extension.swift */ = {isa = PBXFileReference; lastKnownFileType = sourcecode.swift; path = "String+Extension.swift"; sourceTree = "<group>"; };
		89E8BF5329933E4D00951FAC /* ContactAddVM.swift */ = {isa = PBXFileReference; lastKnownFileType = sourcecode.swift; path = ContactAddVM.swift; sourceTree = "<group>"; };
		89E8BF552993B3C400951FAC /* ContactListDiffableDataSource.swift */ = {isa = PBXFileReference; lastKnownFileType = sourcecode.swift; path = ContactListDiffableDataSource.swift; sourceTree = "<group>"; };
		8D380DE04EC9CE80AB54D281 /* Pods_LearningRealmTests.framework */ = {isa = PBXFileReference; explicitFileType = wrapper.framework; includeInIndex = 0; path = Pods_LearningRealmTests.framework; sourceTree = BUILT_PRODUCTS_DIR; };
		913728AD61AFBA30D4B695D7 /* Pods-LearningRealm-LearningRealmUITests.release.xcconfig */ = {isa = PBXFileReference; includeInIndex = 1; lastKnownFileType = text.xcconfig; name = "Pods-LearningRealm-LearningRealmUITests.release.xcconfig"; path = "Target Support Files/Pods-LearningRealm-LearningRealmUITests/Pods-LearningRealm-LearningRealmUITests.release.xcconfig"; sourceTree = "<group>"; };
		B12ABAA5F7A41D050063E62A /* Pods-LearningRealm.debug.xcconfig */ = {isa = PBXFileReference; includeInIndex = 1; lastKnownFileType = text.xcconfig; name = "Pods-LearningRealm.debug.xcconfig"; path = "Target Support Files/Pods-LearningRealm/Pods-LearningRealm.debug.xcconfig"; sourceTree = "<group>"; };
		D271977676D85BBD5900C11B /* Pods-LearningRealm.release.xcconfig */ = {isa = PBXFileReference; includeInIndex = 1; lastKnownFileType = text.xcconfig; name = "Pods-LearningRealm.release.xcconfig"; path = "Target Support Files/Pods-LearningRealm/Pods-LearningRealm.release.xcconfig"; sourceTree = "<group>"; };
		D5FD494FAA48B35D93993AC0 /* Pods-LearningRealmTests.debug.xcconfig */ = {isa = PBXFileReference; includeInIndex = 1; lastKnownFileType = text.xcconfig; name = "Pods-LearningRealmTests.debug.xcconfig"; path = "Target Support Files/Pods-LearningRealmTests/Pods-LearningRealmTests.debug.xcconfig"; sourceTree = "<group>"; };
/* End PBXFileReference section */

/* Begin PBXFrameworksBuildPhase section */
		891603C529715BF900C11AF8 /* Frameworks */ = {
			isa = PBXFrameworksBuildPhase;
			buildActionMask = 2147483647;
			files = (
				82F3A7A11CE8ECAB704AED24 /* Pods_LearningRealm.framework in Frameworks */,
			);
			runOnlyForDeploymentPostprocessing = 0;
		};
		891603DB29715BF900C11AF8 /* Frameworks */ = {
			isa = PBXFrameworksBuildPhase;
			buildActionMask = 2147483647;
			files = (
				E16F90E33A9888C609DA8581 /* Pods_LearningRealmTests.framework in Frameworks */,
			);
			runOnlyForDeploymentPostprocessing = 0;
		};
		891603E529715BF900C11AF8 /* Frameworks */ = {
			isa = PBXFrameworksBuildPhase;
			buildActionMask = 2147483647;
			files = (
				33343E27064FE37F4E7765C8 /* Pods_LearningRealm_LearningRealmUITests.framework in Frameworks */,
			);
			runOnlyForDeploymentPostprocessing = 0;
		};
/* End PBXFrameworksBuildPhase section */

/* Begin PBXGroup section */
		891603BF29715BF900C11AF8 = {
			isa = PBXGroup;
			children = (
				891603CA29715BF900C11AF8 /* LearningRealm */,
				891603E129715BF900C11AF8 /* LearningRealmTests */,
				891603EB29715BF900C11AF8 /* LearningRealmUITests */,
				891603C929715BF900C11AF8 /* Products */,
				F4128647540AE5C44B0EBA54 /* Pods */,
				AD1BA20F1F37D36D7BA35EBA /* Frameworks */,
			);
			sourceTree = "<group>";
		};
		891603C929715BF900C11AF8 /* Products */ = {
			isa = PBXGroup;
			children = (
				891603C829715BF900C11AF8 /* LearningRealm.app */,
				891603DE29715BF900C11AF8 /* LearningRealmTests.xctest */,
				891603E829715BF900C11AF8 /* LearningRealmUITests.xctest */,
			);
			name = Products;
			sourceTree = "<group>";
		};
		891603CA29715BF900C11AF8 /* LearningRealm */ = {
			isa = PBXGroup;
			children = (
				891603D929715BF900C11AF8 /* Info.plist */,
				891603D429715BF900C11AF8 /* Assets.xcassets */,
				898AF429297176E60068E4CA /* App */,
				891603D629715BF900C11AF8 /* LaunchScreen.storyboard */,
				898AF425297175880068E4CA /* Managers */,
				891603FB297162AD00C11AF8 /* Model */,
				896E34E4298B5A8400869892 /* Resources */,
				898AF4262971758E0068E4CA /* Utils */,
				891603FC297162B400C11AF8 /* View */,
				891603FD297162BB00C11AF8 /* ViewModel */,
			);
			path = LearningRealm;
			sourceTree = "<group>";
		};
		891603E129715BF900C11AF8 /* LearningRealmTests */ = {
			isa = PBXGroup;
			children = (
				891603E229715BF900C11AF8 /* LearningRealmTests.swift */,
			);
			path = LearningRealmTests;
			sourceTree = "<group>";
		};
		891603EB29715BF900C11AF8 /* LearningRealmUITests */ = {
			isa = PBXGroup;
			children = (
				891603EC29715BF900C11AF8 /* LearningRealmUITests.swift */,
				891603EE29715BF900C11AF8 /* LearningRealmUITestsLaunchTests.swift */,
			);
			path = LearningRealmUITests;
			sourceTree = "<group>";
		};
		891603FB297162AD00C11AF8 /* Model */ = {
			isa = PBXGroup;
			children = (
				896E34FE298BA9A800869892 /* ContactModel.swift */,
			);
			path = Model;
			sourceTree = "<group>";
		};
		891603FC297162B400C11AF8 /* View */ = {
			isa = PBXGroup;
			children = (
				896E34FA298B8F7B00869892 /* Home */,
				896E34F9298B8F7400869892 /* Splash */,
				893E1BEE298A6E2200A8DC62 /* CommonView */,
			);
			path = View;
			sourceTree = "<group>";
		};
		891603FD297162BB00C11AF8 /* ViewModel */ = {
			isa = PBXGroup;
			children = (
				891603FE29716E3C00C11AF8 /* ContactListVM.swift */,
				89E8BF5329933E4D00951FAC /* ContactAddVM.swift */,
			);
			path = ViewModel;
			sourceTree = "<group>";
		};
		893E1BEE298A6E2200A8DC62 /* CommonView */ = {
			isa = PBXGroup;
			children = (
				893E1BF1298A70A500A8DC62 /* PrimaryTextField.swift */,
				893E1BEF298A6E4400A8DC62 /* BaseViewController.swift */,
				896E3500298BAD5700869892 /* BaseCell.swift */,
			);
			path = CommonView;
			sourceTree = "<group>";
		};
		896E34E4298B5A8400869892 /* Resources */ = {
			isa = PBXGroup;
			children = (
				896E34E5298B5A9A00869892 /* Fonts */,
			);
			path = Resources;
			sourceTree = "<group>";
		};
		896E34E5298B5A9A00869892 /* Fonts */ = {
			isa = PBXGroup;
			children = (
				896E34E7298B5A9A00869892 /* Inter-Font */,
			);
			path = Fonts;
			sourceTree = "<group>";
		};
		896E34E7298B5A9A00869892 /* Inter-Font */ = {
			isa = PBXGroup;
			children = (
				896E34E8298B5A9A00869892 /* Inter-Medium.ttf */,
				896E34E9298B5A9A00869892 /* Inter-Light.ttf */,
				896E34EA298B5A9A00869892 /* Inter-Bold.ttf */,
				896E34EB298B5A9A00869892 /* Inter-Regular.ttf */,
				896E34EC298B5A9A00869892 /* Inter-ExtraBold.ttf */,
				896E34ED298B5A9A00869892 /* Inter-SemiBold.ttf */,
			);
			path = "Inter-Font";
			sourceTree = "<group>";
		};
		896E34F9298B8F7400869892 /* Splash */ = {
			isa = PBXGroup;
			children = (
				89524FEA2977F7BC0056637A /* SplashVC.swift */,
			);
			path = Splash;
			sourceTree = "<group>";
		};
		896E34FA298B8F7B00869892 /* Home */ = {
			isa = PBXGroup;
			children = (
				896E34FB298B8F9700869892 /* Cell */,
				891603CF29715BF900C11AF8 /* ContactListVC.swift */,
				896E3502298BB40F00869892 /* ContactAddVC.swift */,
				89E8BF552993B3C400951FAC /* ContactListDiffableDataSource.swift */,
			);
			path = Home;
			sourceTree = "<group>";
		};
		896E34FB298B8F9700869892 /* Cell */ = {
			isa = PBXGroup;
			children = (
				896E3504298BB9CD00869892 /* ContactFieldCell.swift */,
				896E34FC298B8FC000869892 /* ContactCell.swift */,
			);
			path = Cell;
			sourceTree = "<group>";
		};
		898AF425297175880068E4CA /* Managers */ = {
			isa = PBXGroup;
			children = (
				898AF427297175A00068E4CA /* RealmManager.swift */,
			);
			path = Managers;
			sourceTree = "<group>";
		};
		898AF4262971758E0068E4CA /* Utils */ = {
			isa = PBXGroup;
			children = (
				89524FEE297801380056637A /* AppConstants.swift */,
				89524FEF297801380056637A /* SizeConfig.swift */,
				898AF42C297177D30068E4CA /* Extension */,
			);
			path = Utils;
			sourceTree = "<group>";
		};
		898AF429297176E60068E4CA /* App */ = {
			isa = PBXGroup;
			children = (
				891603CB29715BF900C11AF8 /* AppDelegate.swift */,
				898AF42A297177000068E4CA /* AppManager.swift */,
			);
			path = App;
			sourceTree = "<group>";
		};
		898AF42C297177D30068E4CA /* Extension */ = {
			isa = PBXGroup;
			children = (
				893E1BF5298A71EE00A8DC62 /* UIView+Extension.swift */,
				893E1BF3298A711600A8DC62 /* UITextField+Extension.swift */,
				89524FF22978023C0056637A /* Primitive+Extension.swift */,
				89524FF32978023C0056637A /* UIColor+Extension.swift */,
				89524FF42978023C0056637A /* UIFont+Extension.swift */,
				898AF42D297177EC0068E4CA /* String+Extension.swift */,
				896E34F7298B6E9600869892 /* Others+Extension.swift */,
			);
			path = Extension;
			sourceTree = "<group>";
		};
		AD1BA20F1F37D36D7BA35EBA /* Frameworks */ = {
			isa = PBXGroup;
			children = (
				7B7E6D824D2B2CC712EB6F98 /* Pods_LearningRealm.framework */,
				64FF29E57183DBF85B3CE9AF /* Pods_LearningRealm_LearningRealmUITests.framework */,
				8D380DE04EC9CE80AB54D281 /* Pods_LearningRealmTests.framework */,
			);
			name = Frameworks;
			sourceTree = "<group>";
		};
		F4128647540AE5C44B0EBA54 /* Pods */ = {
			isa = PBXGroup;
			children = (
				B12ABAA5F7A41D050063E62A /* Pods-LearningRealm.debug.xcconfig */,
				D271977676D85BBD5900C11B /* Pods-LearningRealm.release.xcconfig */,
				42C83F738D9059D5456E33C1 /* Pods-LearningRealm-LearningRealmUITests.debug.xcconfig */,
				913728AD61AFBA30D4B695D7 /* Pods-LearningRealm-LearningRealmUITests.release.xcconfig */,
				D5FD494FAA48B35D93993AC0 /* Pods-LearningRealmTests.debug.xcconfig */,
				151218D1E0C7DFDE711DCA24 /* Pods-LearningRealmTests.release.xcconfig */,
			);
			path = Pods;
			sourceTree = "<group>";
		};
/* End PBXGroup section */

/* Begin PBXNativeTarget section */
		891603C729715BF900C11AF8 /* LearningRealm */ = {
			isa = PBXNativeTarget;
			buildConfigurationList = 891603F229715BF900C11AF8 /* Build configuration list for PBXNativeTarget "LearningRealm" */;
			buildPhases = (
				2C176EDE3B0D563190ABC6F3 /* [CP] Check Pods Manifest.lock */,
				891603C429715BF900C11AF8 /* Sources */,
				891603C529715BF900C11AF8 /* Frameworks */,
				891603C629715BF900C11AF8 /* Resources */,
				4089575E2360111FA7568C27 /* [CP] Embed Pods Frameworks */,
				89524FE92977EA7A0056637A /* Swift Lint */,
			);
			buildRules = (
			);
			dependencies = (
			);
			name = LearningRealm;
			productName = LearningRealm;
			productReference = 891603C829715BF900C11AF8 /* LearningRealm.app */;
			productType = "com.apple.product-type.application";
		};
		891603DD29715BF900C11AF8 /* LearningRealmTests */ = {
			isa = PBXNativeTarget;
			buildConfigurationList = 891603F529715BF900C11AF8 /* Build configuration list for PBXNativeTarget "LearningRealmTests" */;
			buildPhases = (
				DD514AE7F0D8280888C22E5C /* [CP] Check Pods Manifest.lock */,
				891603DA29715BF900C11AF8 /* Sources */,
				891603DB29715BF900C11AF8 /* Frameworks */,
				891603DC29715BF900C11AF8 /* Resources */,
			);
			buildRules = (
			);
			dependencies = (
				891603E029715BF900C11AF8 /* PBXTargetDependency */,
			);
			name = LearningRealmTests;
			productName = LearningRealmTests;
			productReference = 891603DE29715BF900C11AF8 /* LearningRealmTests.xctest */;
			productType = "com.apple.product-type.bundle.unit-test";
		};
		891603E729715BF900C11AF8 /* LearningRealmUITests */ = {
			isa = PBXNativeTarget;
			buildConfigurationList = 891603F829715BF900C11AF8 /* Build configuration list for PBXNativeTarget "LearningRealmUITests" */;
			buildPhases = (
				189A631A443370A831650736 /* [CP] Check Pods Manifest.lock */,
				891603E429715BF900C11AF8 /* Sources */,
				891603E529715BF900C11AF8 /* Frameworks */,
				891603E629715BF900C11AF8 /* Resources */,
				84691C0297B6D11999159B73 /* [CP] Embed Pods Frameworks */,
			);
			buildRules = (
			);
			dependencies = (
				891603EA29715BF900C11AF8 /* PBXTargetDependency */,
			);
			name = LearningRealmUITests;
			productName = LearningRealmUITests;
			productReference = 891603E829715BF900C11AF8 /* LearningRealmUITests.xctest */;
			productType = "com.apple.product-type.bundle.ui-testing";
		};
/* End PBXNativeTarget section */

/* Begin PBXProject section */
		891603C029715BF900C11AF8 /* Project object */ = {
			isa = PBXProject;
			attributes = {
				BuildIndependentTargetsInParallel = 1;
				LastSwiftUpdateCheck = 1340;
				LastUpgradeCheck = 1340;
				TargetAttributes = {
					891603C729715BF900C11AF8 = {
						CreatedOnToolsVersion = 13.4;
					};
					891603DD29715BF900C11AF8 = {
						CreatedOnToolsVersion = 13.4;
						TestTargetID = 891603C729715BF900C11AF8;
					};
					891603E729715BF900C11AF8 = {
						CreatedOnToolsVersion = 13.4;
						TestTargetID = 891603C729715BF900C11AF8;
					};
				};
			};
			buildConfigurationList = 891603C329715BF900C11AF8 /* Build configuration list for PBXProject "LearningRealm" */;
			compatibilityVersion = "Xcode 13.0";
			developmentRegion = en;
			hasScannedForEncodings = 0;
			knownRegions = (
				en,
				Base,
			);
			mainGroup = 891603BF29715BF900C11AF8;
			productRefGroup = 891603C929715BF900C11AF8 /* Products */;
			projectDirPath = "";
			projectRoot = "";
			targets = (
				891603C729715BF900C11AF8 /* LearningRealm */,
				891603DD29715BF900C11AF8 /* LearningRealmTests */,
				891603E729715BF900C11AF8 /* LearningRealmUITests */,
			);
		};
/* End PBXProject section */

/* Begin PBXResourcesBuildPhase section */
		891603C629715BF900C11AF8 /* Resources */ = {
			isa = PBXResourcesBuildPhase;
			buildActionMask = 2147483647;
			files = (
				896E34F2298B5A9A00869892 /* Inter-Bold.ttf in Resources */,
				896E34F1298B5A9A00869892 /* Inter-Light.ttf in Resources */,
				896E34F0298B5A9A00869892 /* Inter-Medium.ttf in Resources */,
				896E34F5298B5A9A00869892 /* Inter-SemiBold.ttf in Resources */,
				896E34F4298B5A9A00869892 /* Inter-ExtraBold.ttf in Resources */,
				891603D829715BF900C11AF8 /* LaunchScreen.storyboard in Resources */,
				891603D529715BF900C11AF8 /* Assets.xcassets in Resources */,
				896E34F3298B5A9A00869892 /* Inter-Regular.ttf in Resources */,
			);
			runOnlyForDeploymentPostprocessing = 0;
		};
		891603DC29715BF900C11AF8 /* Resources */ = {
			isa = PBXResourcesBuildPhase;
			buildActionMask = 2147483647;
			files = (
			);
			runOnlyForDeploymentPostprocessing = 0;
		};
		891603E629715BF900C11AF8 /* Resources */ = {
			isa = PBXResourcesBuildPhase;
			buildActionMask = 2147483647;
			files = (
			);
			runOnlyForDeploymentPostprocessing = 0;
		};
/* End PBXResourcesBuildPhase section */

/* Begin PBXShellScriptBuildPhase section */
		189A631A443370A831650736 /* [CP] Check Pods Manifest.lock */ = {
			isa = PBXShellScriptBuildPhase;
			buildActionMask = 2147483647;
			files = (
			);
			inputFileListPaths = (
			);
			inputPaths = (
				"${PODS_PODFILE_DIR_PATH}/Podfile.lock",
				"${PODS_ROOT}/Manifest.lock",
			);
			name = "[CP] Check Pods Manifest.lock";
			outputFileListPaths = (
			);
			outputPaths = (
				"$(DERIVED_FILE_DIR)/Pods-LearningRealm-LearningRealmUITests-checkManifestLockResult.txt",
			);
			runOnlyForDeploymentPostprocessing = 0;
			shellPath = /bin/sh;
			shellScript = "diff \"${PODS_PODFILE_DIR_PATH}/Podfile.lock\" \"${PODS_ROOT}/Manifest.lock\" > /dev/null\nif [ $? != 0 ] ; then\n    # print error to STDERR\n    echo \"error: The sandbox is not in sync with the Podfile.lock. Run 'pod install' or update your CocoaPods installation.\" >&2\n    exit 1\nfi\n# This output is used by Xcode 'outputs' to avoid re-running this script phase.\necho \"SUCCESS\" > \"${SCRIPT_OUTPUT_FILE_0}\"\n";
			showEnvVarsInLog = 0;
		};
		2C176EDE3B0D563190ABC6F3 /* [CP] Check Pods Manifest.lock */ = {
			isa = PBXShellScriptBuildPhase;
			buildActionMask = 2147483647;
			files = (
			);
			inputFileListPaths = (
			);
			inputPaths = (
				"${PODS_PODFILE_DIR_PATH}/Podfile.lock",
				"${PODS_ROOT}/Manifest.lock",
			);
			name = "[CP] Check Pods Manifest.lock";
			outputFileListPaths = (
			);
			outputPaths = (
				"$(DERIVED_FILE_DIR)/Pods-LearningRealm-checkManifestLockResult.txt",
			);
			runOnlyForDeploymentPostprocessing = 0;
			shellPath = /bin/sh;
			shellScript = "diff \"${PODS_PODFILE_DIR_PATH}/Podfile.lock\" \"${PODS_ROOT}/Manifest.lock\" > /dev/null\nif [ $? != 0 ] ; then\n    # print error to STDERR\n    echo \"error: The sandbox is not in sync with the Podfile.lock. Run 'pod install' or update your CocoaPods installation.\" >&2\n    exit 1\nfi\n# This output is used by Xcode 'outputs' to avoid re-running this script phase.\necho \"SUCCESS\" > \"${SCRIPT_OUTPUT_FILE_0}\"\n";
			showEnvVarsInLog = 0;
		};
		4089575E2360111FA7568C27 /* [CP] Embed Pods Frameworks */ = {
			isa = PBXShellScriptBuildPhase;
			buildActionMask = 2147483647;
			files = (
			);
			inputFileListPaths = (
				"${PODS_ROOT}/Target Support Files/Pods-LearningRealm/Pods-LearningRealm-frameworks-${CONFIGURATION}-input-files.xcfilelist",
			);
			name = "[CP] Embed Pods Frameworks";
			outputFileListPaths = (
				"${PODS_ROOT}/Target Support Files/Pods-LearningRealm/Pods-LearningRealm-frameworks-${CONFIGURATION}-output-files.xcfilelist",
			);
			runOnlyForDeploymentPostprocessing = 0;
			shellPath = /bin/sh;
			shellScript = "\"${PODS_ROOT}/Target Support Files/Pods-LearningRealm/Pods-LearningRealm-frameworks.sh\"\n";
			showEnvVarsInLog = 0;
		};
		84691C0297B6D11999159B73 /* [CP] Embed Pods Frameworks */ = {
			isa = PBXShellScriptBuildPhase;
			buildActionMask = 2147483647;
			files = (
			);
			inputFileListPaths = (
				"${PODS_ROOT}/Target Support Files/Pods-LearningRealm-LearningRealmUITests/Pods-LearningRealm-LearningRealmUITests-frameworks-${CONFIGURATION}-input-files.xcfilelist",
			);
			name = "[CP] Embed Pods Frameworks";
			outputFileListPaths = (
				"${PODS_ROOT}/Target Support Files/Pods-LearningRealm-LearningRealmUITests/Pods-LearningRealm-LearningRealmUITests-frameworks-${CONFIGURATION}-output-files.xcfilelist",
			);
			runOnlyForDeploymentPostprocessing = 0;
			shellPath = /bin/sh;
			shellScript = "\"${PODS_ROOT}/Target Support Files/Pods-LearningRealm-LearningRealmUITests/Pods-LearningRealm-LearningRealmUITests-frameworks.sh\"\n";
			showEnvVarsInLog = 0;
		};
		89524FE92977EA7A0056637A /* Swift Lint */ = {
			isa = PBXShellScriptBuildPhase;
			buildActionMask = 2147483647;
			files = (
			);
			inputFileListPaths = (
			);
			inputPaths = (
			);
			name = "Swift Lint";
			outputFileListPaths = (
			);
			outputPaths = (
			);
			runOnlyForDeploymentPostprocessing = 0;
			shellPath = /bin/sh;
			shellScript = "export PATH=\"$PATH:/opt/homebrew/bin\"\nif which swiftlint > /dev/null; then\n  swiftlint\nelse\n  echo \"warning: SwiftLint not installed, download from https://github.com/realm/SwiftLint\"\nfi\n";
		};
		DD514AE7F0D8280888C22E5C /* [CP] Check Pods Manifest.lock */ = {
			isa = PBXShellScriptBuildPhase;
			buildActionMask = 2147483647;
			files = (
			);
			inputFileListPaths = (
			);
			inputPaths = (
				"${PODS_PODFILE_DIR_PATH}/Podfile.lock",
				"${PODS_ROOT}/Manifest.lock",
			);
			name = "[CP] Check Pods Manifest.lock";
			outputFileListPaths = (
			);
			outputPaths = (
				"$(DERIVED_FILE_DIR)/Pods-LearningRealmTests-checkManifestLockResult.txt",
			);
			runOnlyForDeploymentPostprocessing = 0;
			shellPath = /bin/sh;
			shellScript = "diff \"${PODS_PODFILE_DIR_PATH}/Podfile.lock\" \"${PODS_ROOT}/Manifest.lock\" > /dev/null\nif [ $? != 0 ] ; then\n    # print error to STDERR\n    echo \"error: The sandbox is not in sync with the Podfile.lock. Run 'pod install' or update your CocoaPods installation.\" >&2\n    exit 1\nfi\n# This output is used by Xcode 'outputs' to avoid re-running this script phase.\necho \"SUCCESS\" > \"${SCRIPT_OUTPUT_FILE_0}\"\n";
			showEnvVarsInLog = 0;
		};
/* End PBXShellScriptBuildPhase section */

/* Begin PBXSourcesBuildPhase section */
		891603C429715BF900C11AF8 /* Sources */ = {
			isa = PBXSourcesBuildPhase;
			buildActionMask = 2147483647;
			files = (
				89524FF72978023C0056637A /* UIFont+Extension.swift in Sources */,
				891603FF29716E3C00C11AF8 /* ContactListVM.swift in Sources */,
				898AF42E297177EC0068E4CA /* String+Extension.swift in Sources */,
				891603D029715BF900C11AF8 /* ContactListVC.swift in Sources */,
				896E3501298BAD5700869892 /* BaseCell.swift in Sources */,
				896E34F8298B6E9600869892 /* Others+Extension.swift in Sources */,
				893E1BF0298A6E4400A8DC62 /* BaseViewController.swift in Sources */,
				896E3505298BB9CD00869892 /* ContactFieldCell.swift in Sources */,
				898AF428297175A00068E4CA /* RealmManager.swift in Sources */,
				89524FF52978023C0056637A /* Primitive+Extension.swift in Sources */,
				89524FF1297801380056637A /* SizeConfig.swift in Sources */,
				896E34FD298B8FC000869892 /* ContactCell.swift in Sources */,
				898AF42B297177000068E4CA /* AppManager.swift in Sources */,
				891603CC29715BF900C11AF8 /* AppDelegate.swift in Sources */,
				89E8BF562993B3C400951FAC /* ContactListDiffableDataSource.swift in Sources */,
				893E1BF6298A71EE00A8DC62 /* UIView+Extension.swift in Sources */,
				89E8BF5429933E4D00951FAC /* ContactAddVM.swift in Sources */,
				89524FF62978023C0056637A /* UIColor+Extension.swift in Sources */,
				89524FEB2977F7BC0056637A /* SplashVC.swift in Sources */,
				896E3503298BB40F00869892 /* ContactAddVC.swift in Sources */,
				893E1BF2298A70A500A8DC62 /* PrimaryTextField.swift in Sources */,
				89524FF0297801380056637A /* AppConstants.swift in Sources */,
				896E34FF298BA9A800869892 /* ContactModel.swift in Sources */,
				893E1BF4298A711600A8DC62 /* UITextField+Extension.swift in Sources */,
			);
			runOnlyForDeploymentPostprocessing = 0;
		};
		891603DA29715BF900C11AF8 /* Sources */ = {
			isa = PBXSourcesBuildPhase;
			buildActionMask = 2147483647;
			files = (
				891603E329715BF900C11AF8 /* LearningRealmTests.swift in Sources */,
			);
			runOnlyForDeploymentPostprocessing = 0;
		};
		891603E429715BF900C11AF8 /* Sources */ = {
			isa = PBXSourcesBuildPhase;
			buildActionMask = 2147483647;
			files = (
				891603EF29715BF900C11AF8 /* LearningRealmUITestsLaunchTests.swift in Sources */,
				891603ED29715BF900C11AF8 /* LearningRealmUITests.swift in Sources */,
			);
			runOnlyForDeploymentPostprocessing = 0;
		};
/* End PBXSourcesBuildPhase section */

/* Begin PBXTargetDependency section */
		891603E029715BF900C11AF8 /* PBXTargetDependency */ = {
			isa = PBXTargetDependency;
			target = 891603C729715BF900C11AF8 /* LearningRealm */;
			targetProxy = 891603DF29715BF900C11AF8 /* PBXContainerItemProxy */;
		};
		891603EA29715BF900C11AF8 /* PBXTargetDependency */ = {
			isa = PBXTargetDependency;
			target = 891603C729715BF900C11AF8 /* LearningRealm */;
			targetProxy = 891603E929715BF900C11AF8 /* PBXContainerItemProxy */;
		};
/* End PBXTargetDependency section */

/* Begin PBXVariantGroup section */
		891603D629715BF900C11AF8 /* LaunchScreen.storyboard */ = {
			isa = PBXVariantGroup;
			children = (
				891603D729715BF900C11AF8 /* Base */,
			);
			name = LaunchScreen.storyboard;
			sourceTree = "<group>";
		};
/* End PBXVariantGroup section */

/* Begin XCBuildConfiguration section */
		891603F029715BF900C11AF8 /* Debug */ = {
			isa = XCBuildConfiguration;
			buildSettings = {
				ALWAYS_SEARCH_USER_PATHS = NO;
				CLANG_ANALYZER_NONNULL = YES;
				CLANG_ANALYZER_NUMBER_OBJECT_CONVERSION = YES_AGGRESSIVE;
				CLANG_CXX_LANGUAGE_STANDARD = "gnu++17";
				CLANG_ENABLE_MODULES = YES;
				CLANG_ENABLE_OBJC_ARC = YES;
				CLANG_ENABLE_OBJC_WEAK = YES;
				CLANG_WARN_BLOCK_CAPTURE_AUTORELEASING = YES;
				CLANG_WARN_BOOL_CONVERSION = YES;
				CLANG_WARN_COMMA = YES;
				CLANG_WARN_CONSTANT_CONVERSION = YES;
				CLANG_WARN_DEPRECATED_OBJC_IMPLEMENTATIONS = YES;
				CLANG_WARN_DIRECT_OBJC_ISA_USAGE = YES_ERROR;
				CLANG_WARN_DOCUMENTATION_COMMENTS = YES;
				CLANG_WARN_EMPTY_BODY = YES;
				CLANG_WARN_ENUM_CONVERSION = YES;
				CLANG_WARN_INFINITE_RECURSION = YES;
				CLANG_WARN_INT_CONVERSION = YES;
				CLANG_WARN_NON_LITERAL_NULL_CONVERSION = YES;
				CLANG_WARN_OBJC_IMPLICIT_RETAIN_SELF = YES;
				CLANG_WARN_OBJC_LITERAL_CONVERSION = YES;
				CLANG_WARN_OBJC_ROOT_CLASS = YES_ERROR;
				CLANG_WARN_QUOTED_INCLUDE_IN_FRAMEWORK_HEADER = YES;
				CLANG_WARN_RANGE_LOOP_ANALYSIS = YES;
				CLANG_WARN_STRICT_PROTOTYPES = YES;
				CLANG_WARN_SUSPICIOUS_MOVE = YES;
				CLANG_WARN_UNGUARDED_AVAILABILITY = YES_AGGRESSIVE;
				CLANG_WARN_UNREACHABLE_CODE = YES;
				CLANG_WARN__DUPLICATE_METHOD_MATCH = YES;
				COPY_PHASE_STRIP = NO;
				DEBUG_INFORMATION_FORMAT = dwarf;
				ENABLE_STRICT_OBJC_MSGSEND = YES;
				ENABLE_TESTABILITY = YES;
				GCC_C_LANGUAGE_STANDARD = gnu11;
				GCC_DYNAMIC_NO_PIC = NO;
				GCC_NO_COMMON_BLOCKS = YES;
				GCC_OPTIMIZATION_LEVEL = 0;
				GCC_PREPROCESSOR_DEFINITIONS = (
					"DEBUG=1",
					"$(inherited)",
				);
				GCC_WARN_64_TO_32_BIT_CONVERSION = YES;
				GCC_WARN_ABOUT_RETURN_TYPE = YES_ERROR;
				GCC_WARN_UNDECLARED_SELECTOR = YES;
				GCC_WARN_UNINITIALIZED_AUTOS = YES_AGGRESSIVE;
				GCC_WARN_UNUSED_FUNCTION = YES;
				GCC_WARN_UNUSED_VARIABLE = YES;
				IPHONEOS_DEPLOYMENT_TARGET = 13.0;
				MTL_ENABLE_DEBUG_INFO = INCLUDE_SOURCE;
				MTL_FAST_MATH = YES;
				ONLY_ACTIVE_ARCH = YES;
				SDKROOT = iphoneos;
				SWIFT_ACTIVE_COMPILATION_CONDITIONS = DEBUG;
				SWIFT_OPTIMIZATION_LEVEL = "-Onone";
			};
			name = Debug;
		};
		891603F129715BF900C11AF8 /* Release */ = {
			isa = XCBuildConfiguration;
			buildSettings = {
				ALWAYS_SEARCH_USER_PATHS = NO;
				CLANG_ANALYZER_NONNULL = YES;
				CLANG_ANALYZER_NUMBER_OBJECT_CONVERSION = YES_AGGRESSIVE;
				CLANG_CXX_LANGUAGE_STANDARD = "gnu++17";
				CLANG_ENABLE_MODULES = YES;
				CLANG_ENABLE_OBJC_ARC = YES;
				CLANG_ENABLE_OBJC_WEAK = YES;
				CLANG_WARN_BLOCK_CAPTURE_AUTORELEASING = YES;
				CLANG_WARN_BOOL_CONVERSION = YES;
				CLANG_WARN_COMMA = YES;
				CLANG_WARN_CONSTANT_CONVERSION = YES;
				CLANG_WARN_DEPRECATED_OBJC_IMPLEMENTATIONS = YES;
				CLANG_WARN_DIRECT_OBJC_ISA_USAGE = YES_ERROR;
				CLANG_WARN_DOCUMENTATION_COMMENTS = YES;
				CLANG_WARN_EMPTY_BODY = YES;
				CLANG_WARN_ENUM_CONVERSION = YES;
				CLANG_WARN_INFINITE_RECURSION = YES;
				CLANG_WARN_INT_CONVERSION = YES;
				CLANG_WARN_NON_LITERAL_NULL_CONVERSION = YES;
				CLANG_WARN_OBJC_IMPLICIT_RETAIN_SELF = YES;
				CLANG_WARN_OBJC_LITERAL_CONVERSION = YES;
				CLANG_WARN_OBJC_ROOT_CLASS = YES_ERROR;
				CLANG_WARN_QUOTED_INCLUDE_IN_FRAMEWORK_HEADER = YES;
				CLANG_WARN_RANGE_LOOP_ANALYSIS = YES;
				CLANG_WARN_STRICT_PROTOTYPES = YES;
				CLANG_WARN_SUSPICIOUS_MOVE = YES;
				CLANG_WARN_UNGUARDED_AVAILABILITY = YES_AGGRESSIVE;
				CLANG_WARN_UNREACHABLE_CODE = YES;
				CLANG_WARN__DUPLICATE_METHOD_MATCH = YES;
				COPY_PHASE_STRIP = NO;
				DEBUG_INFORMATION_FORMAT = "dwarf-with-dsym";
				ENABLE_NS_ASSERTIONS = NO;
				ENABLE_STRICT_OBJC_MSGSEND = YES;
				GCC_C_LANGUAGE_STANDARD = gnu11;
				GCC_NO_COMMON_BLOCKS = YES;
				GCC_WARN_64_TO_32_BIT_CONVERSION = YES;
				GCC_WARN_ABOUT_RETURN_TYPE = YES_ERROR;
				GCC_WARN_UNDECLARED_SELECTOR = YES;
				GCC_WARN_UNINITIALIZED_AUTOS = YES_AGGRESSIVE;
				GCC_WARN_UNUSED_FUNCTION = YES;
				GCC_WARN_UNUSED_VARIABLE = YES;
				IPHONEOS_DEPLOYMENT_TARGET = 13.0;
				MTL_ENABLE_DEBUG_INFO = NO;
				MTL_FAST_MATH = YES;
				SDKROOT = iphoneos;
				SWIFT_COMPILATION_MODE = wholemodule;
				SWIFT_OPTIMIZATION_LEVEL = "-O";
				VALIDATE_PRODUCT = YES;
			};
			name = Release;
		};
		891603F329715BF900C11AF8 /* Debug */ = {
			isa = XCBuildConfiguration;
			baseConfigurationReference = B12ABAA5F7A41D050063E62A /* Pods-LearningRealm.debug.xcconfig */;
			buildSettings = {
				ASSETCATALOG_COMPILER_APPICON_NAME = AppIcon;
				ASSETCATALOG_COMPILER_GLOBAL_ACCENT_COLOR_NAME = AccentColor;
				CODE_SIGN_STYLE = Automatic;
				CURRENT_PROJECT_VERSION = 1;
				DEVELOPMENT_TEAM = PPB864GBRF;
				GENERATE_INFOPLIST_FILE = YES;
				INFOPLIST_FILE = LearningRealm/Info.plist;
				INFOPLIST_KEY_LSApplicationCategoryType = "public.app-category.utilities";
				INFOPLIST_KEY_UIApplicationSupportsIndirectInputEvents = YES;
				INFOPLIST_KEY_UILaunchStoryboardName = LaunchScreen;
				INFOPLIST_KEY_UISupportedInterfaceOrientations_iPad = "UIInterfaceOrientationPortrait UIInterfaceOrientationPortraitUpsideDown UIInterfaceOrientationLandscapeLeft UIInterfaceOrientationLandscapeRight";
				INFOPLIST_KEY_UISupportedInterfaceOrientations_iPhone = "UIInterfaceOrientationPortrait UIInterfaceOrientationLandscapeLeft UIInterfaceOrientationLandscapeRight";
				IPHONEOS_DEPLOYMENT_TARGET = 13.0;
				LD_RUNPATH_SEARCH_PATHS = (
					"$(inherited)",
					"@executable_path/Frameworks",
				);
				MARKETING_VERSION = 1.0;
				PRODUCT_BUNDLE_IDENTIFIER = com.bjit.LearningRealm;
				PRODUCT_NAME = "$(TARGET_NAME)";
				SWIFT_EMIT_LOC_STRINGS = YES;
				SWIFT_VERSION = 5.0;
				TARGETED_DEVICE_FAMILY = "1,2";
			};
			name = Debug;
		};
		891603F429715BF900C11AF8 /* Release */ = {
			isa = XCBuildConfiguration;
			baseConfigurationReference = D271977676D85BBD5900C11B /* Pods-LearningRealm.release.xcconfig */;
			buildSettings = {
				ASSETCATALOG_COMPILER_APPICON_NAME = AppIcon;
				ASSETCATALOG_COMPILER_GLOBAL_ACCENT_COLOR_NAME = AccentColor;
				CODE_SIGN_STYLE = Automatic;
				CURRENT_PROJECT_VERSION = 1;
				DEVELOPMENT_TEAM = PPB864GBRF;
				GENERATE_INFOPLIST_FILE = YES;
				INFOPLIST_FILE = LearningRealm/Info.plist;
				INFOPLIST_KEY_LSApplicationCategoryType = "public.app-category.utilities";
				INFOPLIST_KEY_UIApplicationSupportsIndirectInputEvents = YES;
				INFOPLIST_KEY_UILaunchStoryboardName = LaunchScreen;
				INFOPLIST_KEY_UISupportedInterfaceOrientations_iPad = "UIInterfaceOrientationPortrait UIInterfaceOrientationPortraitUpsideDown UIInterfaceOrientationLandscapeLeft UIInterfaceOrientationLandscapeRight";
				INFOPLIST_KEY_UISupportedInterfaceOrientations_iPhone = "UIInterfaceOrientationPortrait UIInterfaceOrientationLandscapeLeft UIInterfaceOrientationLandscapeRight";
				IPHONEOS_DEPLOYMENT_TARGET = 13.0;
				LD_RUNPATH_SEARCH_PATHS = (
					"$(inherited)",
					"@executable_path/Frameworks",
				);
				MARKETING_VERSION = 1.0;
				PRODUCT_BUNDLE_IDENTIFIER = com.bjit.LearningRealm;
				PRODUCT_NAME = "$(TARGET_NAME)";
				SWIFT_EMIT_LOC_STRINGS = YES;
				SWIFT_VERSION = 5.0;
				TARGETED_DEVICE_FAMILY = "1,2";
			};
			name = Release;
		};
		891603F629715BF900C11AF8 /* Debug */ = {
			isa = XCBuildConfiguration;
			baseConfigurationReference = D5FD494FAA48B35D93993AC0 /* Pods-LearningRealmTests.debug.xcconfig */;
			buildSettings = {
				ALWAYS_EMBED_SWIFT_STANDARD_LIBRARIES = YES;
				BUNDLE_LOADER = "$(TEST_HOST)";
				CODE_SIGN_STYLE = Automatic;
				CURRENT_PROJECT_VERSION = 1;
				GENERATE_INFOPLIST_FILE = YES;
				IPHONEOS_DEPLOYMENT_TARGET = 15.5;
				MARKETING_VERSION = 1.0;
				PRODUCT_BUNDLE_IDENTIFIER = com.bjit.LearningRealmTests;
				PRODUCT_NAME = "$(TARGET_NAME)";
				SWIFT_EMIT_LOC_STRINGS = NO;
				SWIFT_VERSION = 5.0;
				TARGETED_DEVICE_FAMILY = "1,2";
				TEST_HOST = "$(BUILT_PRODUCTS_DIR)/LearningRealm.app/LearningRealm";
			};
			name = Debug;
		};
		891603F729715BF900C11AF8 /* Release */ = {
			isa = XCBuildConfiguration;
			baseConfigurationReference = 151218D1E0C7DFDE711DCA24 /* Pods-LearningRealmTests.release.xcconfig */;
			buildSettings = {
				ALWAYS_EMBED_SWIFT_STANDARD_LIBRARIES = YES;
				BUNDLE_LOADER = "$(TEST_HOST)";
				CODE_SIGN_STYLE = Automatic;
				CURRENT_PROJECT_VERSION = 1;
				GENERATE_INFOPLIST_FILE = YES;
				IPHONEOS_DEPLOYMENT_TARGET = 15.5;
				MARKETING_VERSION = 1.0;
				PRODUCT_BUNDLE_IDENTIFIER = com.bjit.LearningRealmTests;
				PRODUCT_NAME = "$(TARGET_NAME)";
				SWIFT_EMIT_LOC_STRINGS = NO;
				SWIFT_VERSION = 5.0;
				TARGETED_DEVICE_FAMILY = "1,2";
				TEST_HOST = "$(BUILT_PRODUCTS_DIR)/LearningRealm.app/LearningRealm";
			};
			name = Release;
		};
		891603F929715BF900C11AF8 /* Debug */ = {
			isa = XCBuildConfiguration;
			baseConfigurationReference = 42C83F738D9059D5456E33C1 /* Pods-LearningRealm-LearningRealmUITests.debug.xcconfig */;
			buildSettings = {
				ALWAYS_EMBED_SWIFT_STANDARD_LIBRARIES = YES;
				CODE_SIGN_STYLE = Automatic;
				CURRENT_PROJECT_VERSION = 1;
				GENERATE_INFOPLIST_FILE = YES;
				MARKETING_VERSION = 1.0;
				PRODUCT_BUNDLE_IDENTIFIER = com.bjit.LearningRealmUITests;
				PRODUCT_NAME = "$(TARGET_NAME)";
				SWIFT_EMIT_LOC_STRINGS = NO;
				SWIFT_VERSION = 5.0;
				TARGETED_DEVICE_FAMILY = "1,2";
				TEST_TARGET_NAME = LearningRealm;
			};
			name = Debug;
		};
		891603FA29715BF900C11AF8 /* Release */ = {
			isa = XCBuildConfiguration;
			baseConfigurationReference = 913728AD61AFBA30D4B695D7 /* Pods-LearningRealm-LearningRealmUITests.release.xcconfig */;
			buildSettings = {
				ALWAYS_EMBED_SWIFT_STANDARD_LIBRARIES = YES;
				CODE_SIGN_STYLE = Automatic;
				CURRENT_PROJECT_VERSION = 1;
				GENERATE_INFOPLIST_FILE = YES;
				MARKETING_VERSION = 1.0;
				PRODUCT_BUNDLE_IDENTIFIER = com.bjit.LearningRealmUITests;
				PRODUCT_NAME = "$(TARGET_NAME)";
				SWIFT_EMIT_LOC_STRINGS = NO;
				SWIFT_VERSION = 5.0;
				TARGETED_DEVICE_FAMILY = "1,2";
				TEST_TARGET_NAME = LearningRealm;
			};
			name = Release;
		};
/* End XCBuildConfiguration section */

/* Begin XCConfigurationList section */
		891603C329715BF900C11AF8 /* Build configuration list for PBXProject "LearningRealm" */ = {
			isa = XCConfigurationList;
			buildConfigurations = (
				891603F029715BF900C11AF8 /* Debug */,
				891603F129715BF900C11AF8 /* Release */,
			);
			defaultConfigurationIsVisible = 0;
			defaultConfigurationName = Release;
		};
		891603F229715BF900C11AF8 /* Build configuration list for PBXNativeTarget "LearningRealm" */ = {
			isa = XCConfigurationList;
			buildConfigurations = (
				891603F329715BF900C11AF8 /* Debug */,
				891603F429715BF900C11AF8 /* Release */,
			);
			defaultConfigurationIsVisible = 0;
			defaultConfigurationName = Release;
		};
		891603F529715BF900C11AF8 /* Build configuration list for PBXNativeTarget "LearningRealmTests" */ = {
			isa = XCConfigurationList;
			buildConfigurations = (
				891603F629715BF900C11AF8 /* Debug */,
				891603F729715BF900C11AF8 /* Release */,
			);
			defaultConfigurationIsVisible = 0;
			defaultConfigurationName = Release;
		};
		891603F829715BF900C11AF8 /* Build configuration list for PBXNativeTarget "LearningRealmUITests" */ = {
			isa = XCConfigurationList;
			buildConfigurations = (
				891603F929715BF900C11AF8 /* Debug */,
				891603FA29715BF900C11AF8 /* Release */,
			);
			defaultConfigurationIsVisible = 0;
			defaultConfigurationName = Release;
		};
/* End XCConfigurationList section */
	};
	rootObject = 891603C029715BF900C11AF8 /* Project object */;
}
